
Microsoft Visual Studio Solution File, Format Version 12.00
# Visual Studio Version 18
VisualStudioVersion = 18.3.11222.16
MinimumVisualStudioVersion = 10.0.40219.1
Project("{2150E333-8FDC-42A3-9474-1A3956D46DE8}") = "src", "src", "{8DC7FD70-4C33-4CFB-98E2-D7FFBE3FE520}"
EndProject
Project("{2150E333-8FDC-42A3-9474-1A3956D46DE8}") = "Gateway", "Gateway", "{9D13DF27-27F2-4A7A-83CF-C04DBE194ED9}"
EndProject
Project("{2150E333-8FDC-42A3-9474-1A3956D46DE8}") = "UI", "UI", "{C7C60709-8B1B-4B13-8E5A-40EA4BA36D8B}"
EndProject
Project("{2150E333-8FDC-42A3-9474-1A3956D46DE8}") = "Services", "Services", "{F6C64EEE-3D6C-410E-A3DA-717CA2B6B483}"
EndProject
Project("{2150E333-8FDC-42A3-9474-1A3956D46DE8}") = "Shared", "Shared", "{DB8CF3E7-683E-4796-BFC0-A45D5D763353}"
EndProject
Project("{FAE04EC0-301F-11D3-BF4B-00C04F79EFBC}") = "Mango.AppHost", "src\Mango.AppHost\Mango.AppHost.csproj", "{EA5E1C93-CCD1-4159-885B-B3AEF4C5E951}"
EndProject
Project("{FAE04EC0-301F-11D3-BF4B-00C04F79EFBC}") = "Mango.Core", "src\Shared\Mango.Core\Mango.Core.csproj", "{DD8A8165-14DD-408D-9FD8-6F6F4E3EAC12}"
EndProject
Project("{FAE04EC0-301F-11D3-BF4B-00C04F79EFBC}") = "Mango.Infrastructure", "src\Shared\Mango.Infrastructure\Mango.Infrastructure.csproj", "{8F7E03E8-1BC6-4352-9D74-726F93291A04}"
EndProject
Project("{FAE04EC0-301F-11D3-BF4B-00C04F79EFBC}") = "Coupons.API", "src\Services\Coupons.API\Coupons.API.csproj", "{B112F7EA-2422-968B-DE9B-C62B030A594A}"
EndProject
Project("{FAE04EC0-301F-11D3-BF4B-00C04F79EFBC}") = "Products.API", "src\Services\Products.API\Products.API.csproj", "{6CDE1992-650A-EE51-087F-E5B720E47A48}"
EndProject
Project("{FAE04EC0-301F-11D3-BF4B-00C04F79EFBC}") = "Mango.ServiceDefaults", "src\Shared\Mango.ServiceDefaults\Mango.ServiceDefaults.csproj", "{B7CAE2DA-F647-13BA-B6B2-AC6692BFF149}"
EndProject
Project("{FAE04EC0-301F-11D3-BF4B-00C04F79EFBC}") = "Identity.API", "src\Services\Identity.API\Identity.API.csproj", "{E30983E1-A0DC-2944-364F-46A860D6ADA4}"
EndProject
Project("{FAE04EC0-301F-11D3-BF4B-00C04F79EFBC}") = "EventBus", "src\EventBus\EventBus.csproj", "{260B8A6C-8088-DD10-DF70-7A0F3CBBDE6D}"
EndProject
Project("{FAE04EC0-301F-11D3-BF4B-00C04F79EFBC}") = "EventBus.ServiceBus", "src\EventBus.ServiceBus\EventBus.ServiceBus.csproj", "{A8D342A1-E9EB-4004-9588-BF85B304FCDE}"
EndProject
Project("{FAE04EC0-301F-11D3-BF4B-00C04F79EFBC}") = "ShoppingCart.API", "src\Services\ShoppingCart.API\ShoppingCart.API.csproj", "{3E681C6D-395E-82A4-5993-2089E1F12846}"
EndProject
Project("{FAE04EC0-301F-11D3-BF4B-00C04F79EFBC}") = "Orders.API", "src\Services\Orders.API\Orders.API.csproj", "{80C937D6-D431-8389-27B8-EC59299955BB}"
EndProject
Project("{FAE04EC0-301F-11D3-BF4B-00C04F79EFBC}") = "Mango.Web", "src\UI\Mango.Web\Mango.Web.csproj", "{30248C98-94D0-0EF9-DC5E-5F6B477E1DB0}"
EndProject
Project("{FAE04EC0-301F-11D3-BF4B-00C04F79EFBC}") = "Mango.Common", "src\Shared\Mango.Common\Mango.Common.csproj", "{59AB022F-70C9-4AF7-B608-726393F3F0A6}"
EndProject
Project("{FAE04EC0-301F-11D3-BF4B-00C04F79EFBC}") = "EventBus.RabbitMQ", "src\EventBus.RabbitMQ\EventBus.RabbitMQ.csproj", "{D1EE4D45-4EF3-46AE-888B-2BBDB386A4DB}"
EndProject
Project("{FAE04EC0-301F-11D3-BF4B-00C04F79EFBC}") = "Mango.RestApis", "src\Shared\Mango.RestApis\Mango.RestApis.csproj", "{D51E07A3-C488-4AC0-A57A-8E8EB45178B0}"
EndProject
Project("{FAE04EC0-301F-11D3-BF4B-00C04F79EFBC}") = "Mango.Events", "src\Shared\Mango.Events\Mango.Events.csproj", "{8378D804-CD53-45B5-B29C-891CFA3ABD8A}"
EndProject
Project("{FAE04EC0-301F-11D3-BF4B-00C04F79EFBC}") = "Payments.API", "src\Services\Payments.API\Payments.API.csproj", "{8AF5D059-BCD8-A44F-FC18-BA87EA56C80F}"
EndProject
Project("{FAE04EC0-301F-11D3-BF4B-00C04F79EFBC}") = "Mango.Orchestrators", "src\Services\Mango.Orchestrators\Mango.Orchestrators.csproj", "{2D4EF2A3-7737-08CF-FE08-51D6F0C54E78}"
EndProject
Project("{FAE04EC0-301F-11D3-BF4B-00C04F79EFBC}") = "ChatAgent.App", "src\Services\ChatAgent.App\ChatAgent.App.csproj", "{1B3A012D-D60B-2F84-A297-965C59E006B3}"
EndProject
Project("{FAE04EC0-301F-11D3-BF4B-00C04F79EFBC}") = "Mediator", "src\Shared\Mediator\Mediator.csproj", "{50931D6D-9983-48C7-81B0-FEE61AECA71C}"
EndProject
Project("{FAE04EC0-301F-11D3-BF4B-00C04F79EFBC}") = "Mango.Gateway", "src\Gateway\Mango.Gateway\Mango.Gateway.csproj", "{6EA9640E-9279-3D52-AAFC-9E4A8B9D63B0}"
EndProject
Project("{E53339B2-1760-4266-BCC7-CA923CBCF16C}") = "docker-compose", "docker-compose.dcproj", "{81DDED9D-158B-E303-5F62-77A2896D2A5A}"
EndProject
Global
	GlobalSection(SolutionConfigurationPlatforms) = preSolution
		Debug|Any CPU = Debug|Any CPU
		Release|Any CPU = Release|Any CPU
	EndGlobalSection
	GlobalSection(ProjectConfigurationPlatforms) = postSolution
		{EA5E1C93-CCD1-4159-885B-B3AEF4C5E951}.Debug|Any CPU.ActiveCfg = Debug|Any CPU
		{EA5E1C93-CCD1-4159-885B-B3AEF4C5E951}.Debug|Any CPU.Build.0 = Debug|Any CPU
		{EA5E1C93-CCD1-4159-885B-B3AEF4C5E951}.Release|Any CPU.ActiveCfg = Release|Any CPU
		{EA5E1C93-CCD1-4159-885B-B3AEF4C5E951}.Release|Any CPU.Build.0 = Release|Any CPU
		{DD8A8165-14DD-408D-9FD8-6F6F4E3EAC12}.Debug|Any CPU.ActiveCfg = Debug|Any CPU
		{DD8A8165-14DD-408D-9FD8-6F6F4E3EAC12}.Debug|Any CPU.Build.0 = Debug|Any CPU
		{DD8A8165-14DD-408D-9FD8-6F6F4E3EAC12}.Release|Any CPU.ActiveCfg = Release|Any CPU
		{DD8A8165-14DD-408D-9FD8-6F6F4E3EAC12}.Release|Any CPU.Build.0 = Release|Any CPU
		{8F7E03E8-1BC6-4352-9D74-726F93291A04}.Debug|Any CPU.ActiveCfg = Debug|Any CPU
		{8F7E03E8-1BC6-4352-9D74-726F93291A04}.Debug|Any CPU.Build.0 = Debug|Any CPU
		{8F7E03E8-1BC6-4352-9D74-726F93291A04}.Release|Any CPU.ActiveCfg = Release|Any CPU
		{8F7E03E8-1BC6-4352-9D74-726F93291A04}.Release|Any CPU.Build.0 = Release|Any CPU
		{B112F7EA-2422-968B-DE9B-C62B030A594A}.Debug|Any CPU.ActiveCfg = Debug|Any CPU
		{B112F7EA-2422-968B-DE9B-C62B030A594A}.Debug|Any CPU.Build.0 = Debug|Any CPU
		{B112F7EA-2422-968B-DE9B-C62B030A594A}.Release|Any CPU.ActiveCfg = Release|Any CPU
		{B112F7EA-2422-968B-DE9B-C62B030A594A}.Release|Any CPU.Build.0 = Release|Any CPU
		{6CDE1992-650A-EE51-087F-E5B720E47A48}.Debug|Any CPU.ActiveCfg = Debug|Any CPU
		{6CDE1992-650A-EE51-087F-E5B720E47A48}.Debug|Any CPU.Build.0 = Debug|Any CPU
		{6CDE1992-650A-EE51-087F-E5B720E47A48}.Release|Any CPU.ActiveCfg = Release|Any CPU
		{6CDE1992-650A-EE51-087F-E5B720E47A48}.Release|Any CPU.Build.0 = Release|Any CPU
		{B7CAE2DA-F647-13BA-B6B2-AC6692BFF149}.Debug|Any CPU.ActiveCfg = Debug|Any CPU
		{B7CAE2DA-F647-13BA-B6B2-AC6692BFF149}.Debug|Any CPU.Build.0 = Debug|Any CPU
		{B7CAE2DA-F647-13BA-B6B2-AC6692BFF149}.Release|Any CPU.ActiveCfg = Release|Any CPU
		{B7CAE2DA-F647-13BA-B6B2-AC6692BFF149}.Release|Any CPU.Build.0 = Release|Any CPU
		{E30983E1-A0DC-2944-364F-46A860D6ADA4}.Debug|Any CPU.ActiveCfg = Debug|Any CPU
		{E30983E1-A0DC-2944-364F-46A860D6ADA4}.Debug|Any CPU.Build.0 = Debug|Any CPU
		{E30983E1-A0DC-2944-364F-46A860D6ADA4}.Release|Any CPU.ActiveCfg = Release|Any CPU
		{E30983E1-A0DC-2944-364F-46A860D6ADA4}.Release|Any CPU.Build.0 = Release|Any CPU
		{260B8A6C-8088-DD10-DF70-7A0F3CBBDE6D}.Debug|Any CPU.ActiveCfg = Debug|Any CPU
		{260B8A6C-8088-DD10-DF70-7A0F3CBBDE6D}.Debug|Any CPU.Build.0 = Debug|Any CPU
		{260B8A6C-8088-DD10-DF70-7A0F3CBBDE6D}.Release|Any CPU.ActiveCfg = Release|Any CPU
		{260B8A6C-8088-DD10-DF70-7A0F3CBBDE6D}.Release|Any CPU.Build.0 = Release|Any CPU
		{A8D342A1-E9EB-4004-9588-BF85B304FCDE}.Debug|Any CPU.ActiveCfg = Debug|Any CPU
		{A8D342A1-E9EB-4004-9588-BF85B304FCDE}.Debug|Any CPU.Build.0 = Debug|Any CPU
		{A8D342A1-E9EB-4004-9588-BF85B304FCDE}.Release|Any CPU.ActiveCfg = Release|Any CPU
		{A8D342A1-E9EB-4004-9588-BF85B304FCDE}.Release|Any CPU.Build.0 = Release|Any CPU
		{3E681C6D-395E-82A4-5993-2089E1F12846}.Debug|Any CPU.ActiveCfg = Debug|Any CPU
		{3E681C6D-395E-82A4-5993-2089E1F12846}.Debug|Any CPU.Build.0 = Debug|Any CPU
		{3E681C6D-395E-82A4-5993-2089E1F12846}.Release|Any CPU.ActiveCfg = Release|Any CPU
		{3E681C6D-395E-82A4-5993-2089E1F12846}.Release|Any CPU.Build.0 = Release|Any CPU
		{80C937D6-D431-8389-27B8-EC59299955BB}.Debug|Any CPU.ActiveCfg = Debug|Any CPU
		{80C937D6-D431-8389-27B8-EC59299955BB}.Debug|Any CPU.Build.0 = Debug|Any CPU
		{80C937D6-D431-8389-27B8-EC59299955BB}.Release|Any CPU.ActiveCfg = Release|Any CPU
		{80C937D6-D431-8389-27B8-EC59299955BB}.Release|Any CPU.Build.0 = Release|Any CPU
		{30248C98-94D0-0EF9-DC5E-5F6B477E1DB0}.Debug|Any CPU.ActiveCfg = Debug|Any CPU
		{30248C98-94D0-0EF9-DC5E-5F6B477E1DB0}.Debug|Any CPU.Build.0 = Debug|Any CPU
		{30248C98-94D0-0EF9-DC5E-5F6B477E1DB0}.Release|Any CPU.ActiveCfg = Release|Any CPU
		{30248C98-94D0-0EF9-DC5E-5F6B477E1DB0}.Release|Any CPU.Build.0 = Release|Any CPU
		{59AB022F-70C9-4AF7-B608-726393F3F0A6}.Debug|Any CPU.ActiveCfg = Debug|Any CPU
		{59AB022F-70C9-4AF7-B608-726393F3F0A6}.Debug|Any CPU.Build.0 = Debug|Any CPU
		{59AB022F-70C9-4AF7-B608-726393F3F0A6}.Release|Any CPU.ActiveCfg = Release|Any CPU
		{59AB022F-70C9-4AF7-B608-726393F3F0A6}.Release|Any CPU.Build.0 = Release|Any CPU
		{D1EE4D45-4EF3-46AE-888B-2BBDB386A4DB}.Debug|Any CPU.ActiveCfg = Debug|Any CPU
		{D1EE4D45-4EF3-46AE-888B-2BBDB386A4DB}.Debug|Any CPU.Build.0 = Debug|Any CPU
		{D1EE4D45-4EF3-46AE-888B-2BBDB386A4DB}.Release|Any CPU.ActiveCfg = Release|Any CPU
		{D1EE4D45-4EF3-46AE-888B-2BBDB386A4DB}.Release|Any CPU.Build.0 = Release|Any CPU
		{D51E07A3-C488-4AC0-A57A-8E8EB45178B0}.Debug|Any CPU.ActiveCfg = Debug|Any CPU
		{D51E07A3-C488-4AC0-A57A-8E8EB45178B0}.Debug|Any CPU.Build.0 = Debug|Any CPU
		{D51E07A3-C488-4AC0-A57A-8E8EB45178B0}.Release|Any CPU.ActiveCfg = Release|Any CPU
		{D51E07A3-C488-4AC0-A57A-8E8EB45178B0}.Release|Any CPU.Build.0 = Release|Any CPU
		{8378D804-CD53-45B5-B29C-891CFA3ABD8A}.Debug|Any CPU.ActiveCfg = Debug|Any CPU
		{8378D804-CD53-45B5-B29C-891CFA3ABD8A}.Debug|Any CPU.Build.0 = Debug|Any CPU
		{8378D804-CD53-45B5-B29C-891CFA3ABD8A}.Release|Any CPU.ActiveCfg = Release|Any CPU
		{8378D804-CD53-45B5-B29C-891CFA3ABD8A}.Release|Any CPU.Build.0 = Release|Any CPU
		{8AF5D059-BCD8-A44F-FC18-BA87EA56C80F}.Debug|Any CPU.ActiveCfg = Debug|Any CPU
		{8AF5D059-BCD8-A44F-FC18-BA87EA56C80F}.Debug|Any CPU.Build.0 = Debug|Any CPU
		{8AF5D059-BCD8-A44F-FC18-BA87EA56C80F}.Release|Any CPU.ActiveCfg = Release|Any CPU
		{8AF5D059-BCD8-A44F-FC18-BA87EA56C80F}.Release|Any CPU.Build.0 = Release|Any CPU
		{2D4EF2A3-7737-08CF-FE08-51D6F0C54E78}.Debug|Any CPU.ActiveCfg = Debug|Any CPU
		{2D4EF2A3-7737-08CF-FE08-51D6F0C54E78}.Debug|Any CPU.Build.0 = Debug|Any CPU
		{2D4EF2A3-7737-08CF-FE08-51D6F0C54E78}.Release|Any CPU.ActiveCfg = Release|Any CPU
		{2D4EF2A3-7737-08CF-FE08-51D6F0C54E78}.Release|Any CPU.Build.0 = Release|Any CPU
		{1B3A012D-D60B-2F84-A297-965C59E006B3}.Debug|Any CPU.ActiveCfg = Debug|Any CPU
		{1B3A012D-D60B-2F84-A297-965C59E006B3}.Debug|Any CPU.Build.0 = Debug|Any CPU
		{1B3A012D-D60B-2F84-A297-965C59E006B3}.Release|Any CPU.ActiveCfg = Release|Any CPU
		{1B3A012D-D60B-2F84-A297-965C59E006B3}.Release|Any CPU.Build.0 = Release|Any CPU
		{50931D6D-9983-48C7-81B0-FEE61AECA71C}.Debug|Any CPU.ActiveCfg = Debug|Any CPU
		{50931D6D-9983-48C7-81B0-FEE61AECA71C}.Debug|Any CPU.Build.0 = Debug|Any CPU
		{50931D6D-9983-48C7-81B0-FEE61AECA71C}.Release|Any CPU.ActiveCfg = Release|Any CPU
		{50931D6D-9983-48C7-81B0-FEE61AECA71C}.Release|Any CPU.Build.0 = Release|Any CPU
		{6EA9640E-9279-3D52-AAFC-9E4A8B9D63B0}.Debug|Any CPU.ActiveCfg = Debug|Any CPU
		{6EA9640E-9279-3D52-AAFC-9E4A8B9D63B0}.Debug|Any CPU.Build.0 = Debug|Any CPU
		{6EA9640E-9279-3D52-AAFC-9E4A8B9D63B0}.Release|Any CPU.ActiveCfg = Release|Any CPU
		{6EA9640E-9279-3D52-AAFC-9E4A8B9D63B0}.Release|Any CPU.Build.0 = Release|Any CPU
		{81DDED9D-158B-E303-5F62-77A2896D2A5A}.Debug|Any CPU.ActiveCfg = Debug|Any CPU
		{81DDED9D-158B-E303-5F62-77A2896D2A5A}.Debug|Any CPU.Build.0 = Debug|Any CPU
		{81DDED9D-158B-E303-5F62-77A2896D2A5A}.Release|Any CPU.ActiveCfg = Release|Any CPU
		{81DDED9D-158B-E303-5F62-77A2896D2A5A}.Release|Any CPU.Build.0 = Release|Any CPU
	EndGlobalSection
	GlobalSection(SolutionProperties) = preSolution
		HideSolutionNode = FALSE
	EndGlobalSection
	GlobalSection(NestedProjects) = preSolution
		{9D13DF27-27F2-4A7A-83CF-C04DBE194ED9} = {8DC7FD70-4C33-4CFB-98E2-D7FFBE3FE520}
		{C7C60709-8B1B-4B13-8E5A-40EA4BA36D8B} = {8DC7FD70-4C33-4CFB-98E2-D7FFBE3FE520}
		{F6C64EEE-3D6C-410E-A3DA-717CA2B6B483} = {8DC7FD70-4C33-4CFB-98E2-D7FFBE3FE520}
		{DB8CF3E7-683E-4796-BFC0-A45D5D763353} = {8DC7FD70-4C33-4CFB-98E2-D7FFBE3FE520}
		{EA5E1C93-CCD1-4159-885B-B3AEF4C5E951} = {8DC7FD70-4C33-4CFB-98E2-D7FFBE3FE520}
		{DD8A8165-14DD-408D-9FD8-6F6F4E3EAC12} = {DB8CF3E7-683E-4796-BFC0-A45D5D763353}
		{8F7E03E8-1BC6-4352-9D74-726F93291A04} = {DB8CF3E7-683E-4796-BFC0-A45D5D763353}
		{B112F7EA-2422-968B-DE9B-C62B030A594A} = {F6C64EEE-3D6C-410E-A3DA-717CA2B6B483}
		{6CDE1992-650A-EE51-087F-E5B720E47A48} = {F6C64EEE-3D6C-410E-A3DA-717CA2B6B483}
		{B7CAE2DA-F647-13BA-B6B2-AC6692BFF149} = {DB8CF3E7-683E-4796-BFC0-A45D5D763353}
		{E30983E1-A0DC-2944-364F-46A860D6ADA4} = {F6C64EEE-3D6C-410E-A3DA-717CA2B6B483}
		{260B8A6C-8088-DD10-DF70-7A0F3CBBDE6D} = {8DC7FD70-4C33-4CFB-98E2-D7FFBE3FE520}
		{A8D342A1-E9EB-4004-9588-BF85B304FCDE} = {8DC7FD70-4C33-4CFB-98E2-D7FFBE3FE520}
		{3E681C6D-395E-82A4-5993-2089E1F12846} = {F6C64EEE-3D6C-410E-A3DA-717CA2B6B483}
		{80C937D6-D431-8389-27B8-EC59299955BB} = {F6C64EEE-3D6C-410E-A3DA-717CA2B6B483}
		{30248C98-94D0-0EF9-DC5E-5F6B477E1DB0} = {C7C60709-8B1B-4B13-8E5A-40EA4BA36D8B}
		{59AB022F-70C9-4AF7-B608-726393F3F0A6} = {DB8CF3E7-683E-4796-BFC0-A45D5D763353}
		{D1EE4D45-4EF3-46AE-888B-2BBDB386A4DB} = {8DC7FD70-4C33-4CFB-98E2-D7FFBE3FE520}
		{D51E07A3-C488-4AC0-A57A-8E8EB45178B0} = {DB8CF3E7-683E-4796-BFC0-A45D5D763353}
		{8378D804-CD53-45B5-B29C-891CFA3ABD8A} = {DB8CF3E7-683E-4796-BFC0-A45D5D763353}
		{8AF5D059-BCD8-A44F-FC18-BA87EA56C80F} = {F6C64EEE-3D6C-410E-A3DA-717CA2B6B483}
		{2D4EF2A3-7737-08CF-FE08-51D6F0C54E78} = {F6C64EEE-3D6C-410E-A3DA-717CA2B6B483}
		{1B3A012D-D60B-2F84-A297-965C59E006B3} = {F6C64EEE-3D6C-410E-A3DA-717CA2B6B483}
		{50931D6D-9983-48C7-81B0-FEE61AECA71C} = {DB8CF3E7-683E-4796-BFC0-A45D5D763353}
		{6EA9640E-9279-3D52-AAFC-9E4A8B9D63B0} = {9D13DF27-27F2-4A7A-83CF-C04DBE194ED9}
	EndGlobalSection
	GlobalSection(ExtensibilityGlobals) = postSolution
		SolutionGuid = {48C3975E-18DE-421F-A08C-8855ABE94F44}
	EndGlobalSection
EndGlobal
